
Microsoft Visual Studio Solution File, Format Version 12.00
# Visual Studio Version 16
VisualStudioVersion = 25.0.1706.8
MinimumVisualStudioVersion = 10.0.40219.1
Project("{FAE04EC0-301F-11D3-BF4B-00C04F79EFBC}") = "PhoneShopServer", "PhoneShopServer.csproj", "{A606526E-D3CE-46C2-A95D-D94CFB921E53}"
EndProject
Global
	GlobalSection(SolutionConfigurationPlatforms) = preSolution
		Debug|Any CPU = Debug|Any CPU
		Release|Any CPU = Release|Any CPU
	EndGlobalSection
	GlobalSection(ProjectConfigurationPlatforms) = postSolution
		{A606526E-D3CE-46C2-A95D-D94CFB921E53}.Debug|Any CPU.ActiveCfg = Debug|Any CPU
		{A606526E-D3CE-46C2-A95D-D94CFB921E53}.Debug|Any CPU.Build.0 = Debug|Any CPU
		{A606526E-D3CE-46C2-A95D-D94CFB921E53}.Release|Any CPU.ActiveCfg = Release|Any CPU
		{A606526E-D3CE-46C2-A95D-D94CFB921E53}.Release|Any CPU.Build.0 = Release|Any CPU
	EndGlobalSection
	GlobalSection(SolutionProperties) = preSolution
		HideSolutionNode = FALSE
	EndGlobalSection
	GlobalSection(ExtensibilityGlobals) = postSolution
		SolutionGuid = {B58AC2D9-5017-43D1-A4BC-7426528EDF11}
	EndGlobalSection
EndGlobal
