
Microsoft Visual Studio Solution File, Format Version 12.00
# Visual Studio Version 16
VisualStudioVersion = 25.0.1706.8
MinimumVisualStudioVersion = 10.0.40219.1
Project("{FAE04EC0-301F-11D3-BF4B-00C04F79EFBC}") = "PhoneShopServer", "PhoneShopServer\PhoneShopServer.csproj", "{FAEAFB78-54F1-47F7-A306-6BEE3F184E34}"
EndProject
Project("{FAE04EC0-301F-11D3-BF4B-00C04F79EFBC}") = "PhoneShopClient", "PhoneShopClient\PhoneShopClient.csproj", "{27EB8F54-D0BA-40E8-8CEE-F190CB51C899}"
EndProject
Project("{FAE04EC0-301F-11D3-BF4B-00C04F79EFBC}") = "PhoneShopSharedLibrary", "PhoneShopSharedLibrary\PhoneShopSharedLibrary.csproj", "{3A8B9692-930B-40E0-A983-D0FE947B0394}"
EndProject
Global
	GlobalSection(SolutionConfigurationPlatforms) = preSolution
		Debug|Any CPU = Debug|Any CPU
		Release|Any CPU = Release|Any CPU
	EndGlobalSection
	GlobalSection(ProjectConfigurationPlatforms) = postSolution
		{FAEAFB78-54F1-47F7-A306-6BEE3F184E34}.Debug|Any CPU.ActiveCfg = Debug|Any CPU
		{FAEAFB78-54F1-47F7-A306-6BEE3F184E34}.Debug|Any CPU.Build.0 = Debug|Any CPU
		{FAEAFB78-54F1-47F7-A306-6BEE3F184E34}.Release|Any CPU.ActiveCfg = Release|Any CPU
		{FAEAFB78-54F1-47F7-A306-6BEE3F184E34}.Release|Any CPU.Build.0 = Release|Any CPU
		{27EB8F54-D0BA-40E8-8CEE-F190CB51C899}.Debug|Any CPU.ActiveCfg = Debug|Any CPU
		{27EB8F54-D0BA-40E8-8CEE-F190CB51C899}.Debug|Any CPU.Build.0 = Debug|Any CPU
		{27EB8F54-D0BA-40E8-8CEE-F190CB51C899}.Release|Any CPU.ActiveCfg = Release|Any CPU
		{27EB8F54-D0BA-40E8-8CEE-F190CB51C899}.Release|Any CPU.Build.0 = Release|Any CPU
		{3A8B9692-930B-40E0-A983-D0FE947B0394}.Debug|Any CPU.ActiveCfg = Debug|Any CPU
		{3A8B9692-930B-40E0-A983-D0FE947B0394}.Debug|Any CPU.Build.0 = Debug|Any CPU
		{3A8B9692-930B-40E0-A983-D0FE947B0394}.Release|Any CPU.ActiveCfg = Release|Any CPU
		{3A8B9692-930B-40E0-A983-D0FE947B0394}.Release|Any CPU.Build.0 = Release|Any CPU
	EndGlobalSection
	GlobalSection(SolutionProperties) = preSolution
		HideSolutionNode = FALSE
	EndGlobalSection
	GlobalSection(ExtensibilityGlobals) = postSolution
		SolutionGuid = {59A83DC5-6192-45A2-B94D-E346AFECF33D}
	EndGlobalSection
EndGlobal
